
Microsoft Visual Studio Solution File, Format Version 12.00
# Visual Studio 2013
VisualStudioVersion = 12.0.21005.1
MinimumVisualStudioVersion = 10.0.40219.1
Project("{FAE04EC0-301F-11D3-BF4B-00C04F79EFBC}") = "BigSmallApp", "BigSmallApp\BigSmallApp.csproj", "{7DE019D1-AC02-4039-969E-1B8C72B5ED3A}"
EndProject
Global
	GlobalSection(SolutionConfigurationPlatforms) = preSolution
		Debug|Any CPU = Debug|Any CPU
		Release|Any CPU = Release|Any CPU
	EndGlobalSection
	GlobalSection(ProjectConfigurationPlatforms) = postSolution
		{7DE019D1-AC02-4039-969E-1B8C72B5ED3A}.Debug|Any CPU.ActiveCfg = Debug|Any CPU
		{7DE019D1-AC02-4039-969E-1B8C72B5ED3A}.Debug|Any CPU.Build.0 = Debug|Any CPU
		{7DE019D1-AC02-4039-969E-1B8C72B5ED3A}.Release|Any CPU.ActiveCfg = Release|Any CPU
		{7DE019D1-AC02-4039-969E-1B8C72B5ED3A}.Release|Any CPU.Build.0 = Release|Any CPU
	EndGlobalSection
	GlobalSection(SolutionProperties) = preSolution
		HideSolutionNode = FALSE
	EndGlobalSection
EndGlobal
